
Microsoft Visual Studio Solution File, Format Version 12.00
# Visual Studio Version 16
VisualStudioVersion = 16.0.30621.155
MinimumVisualStudioVersion = 10.0.40219.1
Project("{9A19103F-16F7-4668-BE54-9A1E7A4F7556}") = "WebApi", "WebApi\WebApi.csproj", "{071027CB-150C-46ED-B218-6D114A658F5C}"
EndProject
Project("{9A19103F-16F7-4668-BE54-9A1E7A4F7556}") = "WebApp", "WebApp\WebApp.csproj", "{6B48C30D-3565-474A-B031-445BA67E21D7}"
EndProject
Project("{E53339B2-1760-4266-BCC7-CA923CBCF16C}") = "docker-compose", "docker-compose.dcproj", "{9166591A-FF6A-400A-BE89-F97A08FC027D}"
EndProject
Project("{2150E333-8FDC-42A3-9474-1A3956D46DE8}") = "dbscripts", "dbscripts", "{2E2C3FEA-D171-43C2-A6D4-07F9937FCF05}"
	ProjectSection(SolutionItems) = preProject
		dbscripts\seed.sql = dbscripts\seed.sql
	EndProjectSection
EndProject
Global
	GlobalSection(SolutionConfigurationPlatforms) = preSolution
		Debug|Any CPU = Debug|Any CPU
		Release|Any CPU = Release|Any CPU
	EndGlobalSection
	GlobalSection(ProjectConfigurationPlatforms) = postSolution
		{071027CB-150C-46ED-B218-6D114A658F5C}.Debug|Any CPU.ActiveCfg = Debug|Any CPU
		{071027CB-150C-46ED-B218-6D114A658F5C}.Debug|Any CPU.Build.0 = Debug|Any CPU
		{071027CB-150C-46ED-B218-6D114A658F5C}.Release|Any CPU.ActiveCfg = Release|Any CPU
		{071027CB-150C-46ED-B218-6D114A658F5C}.Release|Any CPU.Build.0 = Release|Any CPU
		{6B48C30D-3565-474A-B031-445BA67E21D7}.Debug|Any CPU.ActiveCfg = Debug|Any CPU
		{6B48C30D-3565-474A-B031-445BA67E21D7}.Debug|Any CPU.Build.0 = Debug|Any CPU
		{6B48C30D-3565-474A-B031-445BA67E21D7}.Release|Any CPU.ActiveCfg = Release|Any CPU
		{6B48C30D-3565-474A-B031-445BA67E21D7}.Release|Any CPU.Build.0 = Release|Any CPU
		{9166591A-FF6A-400A-BE89-F97A08FC027D}.Debug|Any CPU.ActiveCfg = Debug|Any CPU
		{9166591A-FF6A-400A-BE89-F97A08FC027D}.Debug|Any CPU.Build.0 = Debug|Any CPU
		{9166591A-FF6A-400A-BE89-F97A08FC027D}.Release|Any CPU.ActiveCfg = Release|Any CPU
		{9166591A-FF6A-400A-BE89-F97A08FC027D}.Release|Any CPU.Build.0 = Release|Any CPU
	EndGlobalSection
	GlobalSection(SolutionProperties) = preSolution
		HideSolutionNode = FALSE
	EndGlobalSection
	GlobalSection(ExtensibilityGlobals) = postSolution
		SolutionGuid = {9C5F7C1B-959E-4516-8746-0AD9319D458B}
	EndGlobalSection
EndGlobal
